// !$*UTF8*$!
{
	archiveVersion = 1;
	classes = {
	};
	objectVersion = 55;
	objects = {

/* Begin PBXBuildFile section */
		01A13C01CE7E659F92A576AA /* Pods_CryptoApp.framework in Frameworks */ = {isa = PBXBuildFile; fileRef = 3353A313B5D82E84394A1C18 /* Pods_CryptoApp.framework */; };
		4487D6DECB9E105B88F4E068 /* Pods_CryptoApp_CryptoAppUITests.framework in Frameworks */ = {isa = PBXBuildFile; fileRef = B3DD4CBDD9287713079C1BA8 /* Pods_CryptoApp_CryptoAppUITests.framework */; };
		B5DEFA9B829F59673BF1C483 /* Pods_CryptoAppTests.framework in Frameworks */ = {isa = PBXBuildFile; fileRef = EDEBBDB8149BF103632B708D /* Pods_CryptoAppTests.framework */; };
		DC6AB1A0273ACA46001443E4 /* CryptoAppApp.swift in Sources */ = {isa = PBXBuildFile; fileRef = DC6AB19F273ACA46001443E4 /* CryptoAppApp.swift */; };
		DC6AB1A2273ACA46001443E4 /* ContentView.swift in Sources */ = {isa = PBXBuildFile; fileRef = DC6AB1A1273ACA46001443E4 /* ContentView.swift */; };
		DC6AB1A4273ACA47001443E4 /* Assets.xcassets in Resources */ = {isa = PBXBuildFile; fileRef = DC6AB1A3273ACA47001443E4 /* Assets.xcassets */; };
		DC6AB1A7273ACA47001443E4 /* Preview Assets.xcassets in Resources */ = {isa = PBXBuildFile; fileRef = DC6AB1A6273ACA47001443E4 /* Preview Assets.xcassets */; };
		DC6AB1B1273ACA48001443E4 /* CryptoAppTests.swift in Sources */ = {isa = PBXBuildFile; fileRef = DC6AB1B0273ACA48001443E4 /* CryptoAppTests.swift */; };
		DC6AB1BB273ACA48001443E4 /* CryptoAppUITests.swift in Sources */ = {isa = PBXBuildFile; fileRef = DC6AB1BA273ACA48001443E4 /* CryptoAppUITests.swift */; };
		DC6AB1BD273ACA48001443E4 /* CryptoAppUITestsLaunchTests.swift in Sources */ = {isa = PBXBuildFile; fileRef = DC6AB1BC273ACA48001443E4 /* CryptoAppUITestsLaunchTests.swift */; };
		DC6AB1CB273AE17E001443E4 /* CyptoListPublisher.swift in Sources */ = {isa = PBXBuildFile; fileRef = DC6AB1CA273AE17E001443E4 /* CyptoListPublisher.swift */; };
/* End PBXBuildFile section */

/* Begin PBXContainerItemProxy section */
		DC6AB1AD273ACA48001443E4 /* PBXContainerItemProxy */ = {
			isa = PBXContainerItemProxy;
			containerPortal = DC6AB194273ACA46001443E4 /* Project object */;
			proxyType = 1;
			remoteGlobalIDString = DC6AB19B273ACA46001443E4;
			remoteInfo = CryptoApp;
		};
		DC6AB1B7273ACA48001443E4 /* PBXContainerItemProxy */ = {
			isa = PBXContainerItemProxy;
			containerPortal = DC6AB194273ACA46001443E4 /* Project object */;
			proxyType = 1;
			remoteGlobalIDString = DC6AB19B273ACA46001443E4;
			remoteInfo = CryptoApp;
		};
/* End PBXContainerItemProxy section */

/* Begin PBXFileReference section */
		2CFF6B2350E27CCB6FA69D46 /* Pods-CryptoAppTests.debug.xcconfig */ = {isa = PBXFileReference; includeInIndex = 1; lastKnownFileType = text.xcconfig; name = "Pods-CryptoAppTests.debug.xcconfig"; path = "Target Support Files/Pods-CryptoAppTests/Pods-CryptoAppTests.debug.xcconfig"; sourceTree = "<group>"; };
		3353A313B5D82E84394A1C18 /* Pods_CryptoApp.framework */ = {isa = PBXFileReference; explicitFileType = wrapper.framework; includeInIndex = 0; path = Pods_CryptoApp.framework; sourceTree = BUILT_PRODUCTS_DIR; };
		3E638D87F5BCD314C25A8494 /* Pods-CryptoAppTests.release.xcconfig */ = {isa = PBXFileReference; includeInIndex = 1; lastKnownFileType = text.xcconfig; name = "Pods-CryptoAppTests.release.xcconfig"; path = "Target Support Files/Pods-CryptoAppTests/Pods-CryptoAppTests.release.xcconfig"; sourceTree = "<group>"; };
		62DE44847FE253462A502796 /* Pods-CryptoApp.release.xcconfig */ = {isa = PBXFileReference; includeInIndex = 1; lastKnownFileType = text.xcconfig; name = "Pods-CryptoApp.release.xcconfig"; path = "Target Support Files/Pods-CryptoApp/Pods-CryptoApp.release.xcconfig"; sourceTree = "<group>"; };
		687BC265AB64D8F6496FFBD9 /* Pods-CryptoApp-CryptoAppUITests.release.xcconfig */ = {isa = PBXFileReference; includeInIndex = 1; lastKnownFileType = text.xcconfig; name = "Pods-CryptoApp-CryptoAppUITests.release.xcconfig"; path = "Target Support Files/Pods-CryptoApp-CryptoAppUITests/Pods-CryptoApp-CryptoAppUITests.release.xcconfig"; sourceTree = "<group>"; };
		AE025C63EFB328F40E0C1A97 /* Pods-CryptoApp.debug.xcconfig */ = {isa = PBXFileReference; includeInIndex = 1; lastKnownFileType = text.xcconfig; name = "Pods-CryptoApp.debug.xcconfig"; path = "Target Support Files/Pods-CryptoApp/Pods-CryptoApp.debug.xcconfig"; sourceTree = "<group>"; };
		B3DD4CBDD9287713079C1BA8 /* Pods_CryptoApp_CryptoAppUITests.framework */ = {isa = PBXFileReference; explicitFileType = wrapper.framework; includeInIndex = 0; path = Pods_CryptoApp_CryptoAppUITests.framework; sourceTree = BUILT_PRODUCTS_DIR; };
		DC6AB19C273ACA46001443E4 /* CryptoApp.app */ = {isa = PBXFileReference; explicitFileType = wrapper.application; includeInIndex = 0; path = CryptoApp.app; sourceTree = BUILT_PRODUCTS_DIR; };
		DC6AB19F273ACA46001443E4 /* CryptoAppApp.swift */ = {isa = PBXFileReference; lastKnownFileType = sourcecode.swift; path = CryptoAppApp.swift; sourceTree = "<group>"; };
		DC6AB1A1273ACA46001443E4 /* ContentView.swift */ = {isa = PBXFileReference; lastKnownFileType = sourcecode.swift; path = ContentView.swift; sourceTree = "<group>"; };
		DC6AB1A3273ACA47001443E4 /* Assets.xcassets */ = {isa = PBXFileReference; lastKnownFileType = folder.assetcatalog; path = Assets.xcassets; sourceTree = "<group>"; };
		DC6AB1A6273ACA47001443E4 /* Preview Assets.xcassets */ = {isa = PBXFileReference; lastKnownFileType = folder.assetcatalog; path = "Preview Assets.xcassets"; sourceTree = "<group>"; };
		DC6AB1AC273ACA48001443E4 /* CryptoAppTests.xctest */ = {isa = PBXFileReference; explicitFileType = wrapper.cfbundle; includeInIndex = 0; path = CryptoAppTests.xctest; sourceTree = BUILT_PRODUCTS_DIR; };
		DC6AB1B0273ACA48001443E4 /* CryptoAppTests.swift */ = {isa = PBXFileReference; lastKnownFileType = sourcecode.swift; path = CryptoAppTests.swift; sourceTree = "<group>"; };
		DC6AB1B6273ACA48001443E4 /* CryptoAppUITests.xctest */ = {isa = PBXFileReference; explicitFileType = wrapper.cfbundle; includeInIndex = 0; path = CryptoAppUITests.xctest; sourceTree = BUILT_PRODUCTS_DIR; };
		DC6AB1BA273ACA48001443E4 /* CryptoAppUITests.swift */ = {isa = PBXFileReference; lastKnownFileType = sourcecode.swift; path = CryptoAppUITests.swift; sourceTree = "<group>"; };
		DC6AB1BC273ACA48001443E4 /* CryptoAppUITestsLaunchTests.swift */ = {isa = PBXFileReference; lastKnownFileType = sourcecode.swift; path = CryptoAppUITestsLaunchTests.swift; sourceTree = "<group>"; };
		DC6AB1CA273AE17E001443E4 /* CyptoListPublisher.swift */ = {isa = PBXFileReference; lastKnownFileType = sourcecode.swift; path = CyptoListPublisher.swift; sourceTree = "<group>"; };
		EC9EEF02D42124262800F837 /* Pods-CryptoApp-CryptoAppUITests.debug.xcconfig */ = {isa = PBXFileReference; includeInIndex = 1; lastKnownFileType = text.xcconfig; name = "Pods-CryptoApp-CryptoAppUITests.debug.xcconfig"; path = "Target Support Files/Pods-CryptoApp-CryptoAppUITests/Pods-CryptoApp-CryptoAppUITests.debug.xcconfig"; sourceTree = "<group>"; };
		EDEBBDB8149BF103632B708D /* Pods_CryptoAppTests.framework */ = {isa = PBXFileReference; explicitFileType = wrapper.framework; includeInIndex = 0; path = Pods_CryptoAppTests.framework; sourceTree = BUILT_PRODUCTS_DIR; };
/* End PBXFileReference section */

/* Begin PBXFrameworksBuildPhase section */
		DC6AB199273ACA46001443E4 /* Frameworks */ = {
			isa = PBXFrameworksBuildPhase;
			buildActionMask = 2147483647;
			files = (
				01A13C01CE7E659F92A576AA /* Pods_CryptoApp.framework in Frameworks */,
			);
			runOnlyForDeploymentPostprocessing = 0;
		};
		DC6AB1A9273ACA48001443E4 /* Frameworks */ = {
			isa = PBXFrameworksBuildPhase;
			buildActionMask = 2147483647;
			files = (
				B5DEFA9B829F59673BF1C483 /* Pods_CryptoAppTests.framework in Frameworks */,
			);
			runOnlyForDeploymentPostprocessing = 0;
		};
		DC6AB1B3273ACA48001443E4 /* Frameworks */ = {
			isa = PBXFrameworksBuildPhase;
			buildActionMask = 2147483647;
			files = (
				4487D6DECB9E105B88F4E068 /* Pods_CryptoApp_CryptoAppUITests.framework in Frameworks */,
			);
			runOnlyForDeploymentPostprocessing = 0;
		};
/* End PBXFrameworksBuildPhase section */

/* Begin PBXGroup section */
		2EC51FE9965C006E93FAA721 /* Pods */ = {
			isa = PBXGroup;
			children = (
				AE025C63EFB328F40E0C1A97 /* Pods-CryptoApp.debug.xcconfig */,
				62DE44847FE253462A502796 /* Pods-CryptoApp.release.xcconfig */,
				EC9EEF02D42124262800F837 /* Pods-CryptoApp-CryptoAppUITests.debug.xcconfig */,
				687BC265AB64D8F6496FFBD9 /* Pods-CryptoApp-CryptoAppUITests.release.xcconfig */,
				2CFF6B2350E27CCB6FA69D46 /* Pods-CryptoAppTests.debug.xcconfig */,
				3E638D87F5BCD314C25A8494 /* Pods-CryptoAppTests.release.xcconfig */,
			);
			path = Pods;
			sourceTree = "<group>";
		};
		BDDEF356017640130517CC63 /* Frameworks */ = {
			isa = PBXGroup;
			children = (
				3353A313B5D82E84394A1C18 /* Pods_CryptoApp.framework */,
				B3DD4CBDD9287713079C1BA8 /* Pods_CryptoApp_CryptoAppUITests.framework */,
				EDEBBDB8149BF103632B708D /* Pods_CryptoAppTests.framework */,
			);
			name = Frameworks;
			sourceTree = "<group>";
		};
		DC6AB193273ACA46001443E4 = {
			isa = PBXGroup;
			children = (
				DC6AB19E273ACA46001443E4 /* CryptoApp */,
				DC6AB1AF273ACA48001443E4 /* CryptoAppTests */,
				DC6AB1B9273ACA48001443E4 /* CryptoAppUITests */,
				DC6AB19D273ACA46001443E4 /* Products */,
				2EC51FE9965C006E93FAA721 /* Pods */,
				BDDEF356017640130517CC63 /* Frameworks */,
			);
			sourceTree = "<group>";
		};
		DC6AB19D273ACA46001443E4 /* Products */ = {
			isa = PBXGroup;
			children = (
				DC6AB19C273ACA46001443E4 /* CryptoApp.app */,
				DC6AB1AC273ACA48001443E4 /* CryptoAppTests.xctest */,
				DC6AB1B6273ACA48001443E4 /* CryptoAppUITests.xctest */,
			);
			name = Products;
			sourceTree = "<group>";
		};
		DC6AB19E273ACA46001443E4 /* CryptoApp */ = {
			isa = PBXGroup;
			children = (
				DC6AB1C9273AE14C001443E4 /* publisher */,
				DC6AB19F273ACA46001443E4 /* CryptoAppApp.swift */,
				DC6AB1A1273ACA46001443E4 /* ContentView.swift */,
				DC6AB1A3273ACA47001443E4 /* Assets.xcassets */,
				DC6AB1A5273ACA47001443E4 /* Preview Content */,
			);
			path = CryptoApp;
			sourceTree = "<group>";
		};
		DC6AB1A5273ACA47001443E4 /* Preview Content */ = {
			isa = PBXGroup;
			children = (
				DC6AB1A6273ACA47001443E4 /* Preview Assets.xcassets */,
			);
			path = "Preview Content";
			sourceTree = "<group>";
		};
		DC6AB1AF273ACA48001443E4 /* CryptoAppTests */ = {
			isa = PBXGroup;
			children = (
				DC6AB1B0273ACA48001443E4 /* CryptoAppTests.swift */,
			);
			path = CryptoAppTests;
			sourceTree = "<group>";
		};
		DC6AB1B9273ACA48001443E4 /* CryptoAppUITests */ = {
			isa = PBXGroup;
			children = (
				DC6AB1BA273ACA48001443E4 /* CryptoAppUITests.swift */,
				DC6AB1BC273ACA48001443E4 /* CryptoAppUITestsLaunchTests.swift */,
			);
			path = CryptoAppUITests;
			sourceTree = "<group>";
		};
		DC6AB1C9273AE14C001443E4 /* publisher */ = {
			isa = PBXGroup;
			children = (
				DC6AB1CA273AE17E001443E4 /* CyptoListPublisher.swift */,
			);
			path = publisher;
			sourceTree = "<group>";
		};
/* End PBXGroup section */

/* Begin PBXNativeTarget section */
		DC6AB19B273ACA46001443E4 /* CryptoApp */ = {
			isa = PBXNativeTarget;
			buildConfigurationList = DC6AB1C0273ACA48001443E4 /* Build configuration list for PBXNativeTarget "CryptoApp" */;
			buildPhases = (
				2F5C47C3AAD65116DC4E6681 /* [CP] Check Pods Manifest.lock */,
				DC6AB198273ACA46001443E4 /* Sources */,
				DC6AB199273ACA46001443E4 /* Frameworks */,
				DC6AB19A273ACA46001443E4 /* Resources */,
				7BC94464A82A1D7191D7DF18 /* [CP] Embed Pods Frameworks */,
			);
			buildRules = (
			);
			dependencies = (
			);
			name = CryptoApp;
			productName = CryptoApp;
			productReference = DC6AB19C273ACA46001443E4 /* CryptoApp.app */;
			productType = "com.apple.product-type.application";
		};
		DC6AB1AB273ACA48001443E4 /* CryptoAppTests */ = {
			isa = PBXNativeTarget;
			buildConfigurationList = DC6AB1C3273ACA48001443E4 /* Build configuration list for PBXNativeTarget "CryptoAppTests" */;
			buildPhases = (
				E032480277AF37D3D92F6290 /* [CP] Check Pods Manifest.lock */,
				DC6AB1A8273ACA48001443E4 /* Sources */,
				DC6AB1A9273ACA48001443E4 /* Frameworks */,
				DC6AB1AA273ACA48001443E4 /* Resources */,
			);
			buildRules = (
			);
			dependencies = (
				DC6AB1AE273ACA48001443E4 /* PBXTargetDependency */,
			);
			name = CryptoAppTests;
			productName = CryptoAppTests;
			productReference = DC6AB1AC273ACA48001443E4 /* CryptoAppTests.xctest */;
			productType = "com.apple.product-type.bundle.unit-test";
		};
		DC6AB1B5273ACA48001443E4 /* CryptoAppUITests */ = {
			isa = PBXNativeTarget;
			buildConfigurationList = DC6AB1C6273ACA48001443E4 /* Build configuration list for PBXNativeTarget "CryptoAppUITests" */;
			buildPhases = (
				93745F01932035B6E496CFC9 /* [CP] Check Pods Manifest.lock */,
				DC6AB1B2273ACA48001443E4 /* Sources */,
				DC6AB1B3273ACA48001443E4 /* Frameworks */,
				DC6AB1B4273ACA48001443E4 /* Resources */,
				A3A437FBBBF2271872983259 /* [CP] Embed Pods Frameworks */,
			);
			buildRules = (
			);
			dependencies = (
				DC6AB1B8273ACA48001443E4 /* PBXTargetDependency */,
			);
			name = CryptoAppUITests;
			productName = CryptoAppUITests;
			productReference = DC6AB1B6273ACA48001443E4 /* CryptoAppUITests.xctest */;
			productType = "com.apple.product-type.bundle.ui-testing";
		};
/* End PBXNativeTarget section */

/* Begin PBXProject section */
		DC6AB194273ACA46001443E4 /* Project object */ = {
			isa = PBXProject;
			attributes = {
				BuildIndependentTargetsInParallel = 1;
				LastSwiftUpdateCheck = 1300;
				LastUpgradeCheck = 1300;
				TargetAttributes = {
					DC6AB19B273ACA46001443E4 = {
						CreatedOnToolsVersion = 13.0;
					};
					DC6AB1AB273ACA48001443E4 = {
						CreatedOnToolsVersion = 13.0;
						TestTargetID = DC6AB19B273ACA46001443E4;
					};
					DC6AB1B5273ACA48001443E4 = {
						CreatedOnToolsVersion = 13.0;
						TestTargetID = DC6AB19B273ACA46001443E4;
					};
				};
			};
			buildConfigurationList = DC6AB197273ACA46001443E4 /* Build configuration list for PBXProject "CryptoApp" */;
			compatibilityVersion = "Xcode 13.0";
			developmentRegion = en;
			hasScannedForEncodings = 0;
			knownRegions = (
				en,
				Base,
			);
			mainGroup = DC6AB193273ACA46001443E4;
			productRefGroup = DC6AB19D273ACA46001443E4 /* Products */;
			projectDirPath = "";
			projectRoot = "";
			targets = (
				DC6AB19B273ACA46001443E4 /* CryptoApp */,
				DC6AB1AB273ACA48001443E4 /* CryptoAppTests */,
				DC6AB1B5273ACA48001443E4 /* CryptoAppUITests */,
			);
		};
/* End PBXProject section */

/* Begin PBXResourcesBuildPhase section */
		DC6AB19A273ACA46001443E4 /* Resources */ = {
			isa = PBXResourcesBuildPhase;
			buildActionMask = 2147483647;
			files = (
				DC6AB1A7273ACA47001443E4 /* Preview Assets.xcassets in Resources */,
				DC6AB1A4273ACA47001443E4 /* Assets.xcassets in Resources */,
			);
			runOnlyForDeploymentPostprocessing = 0;
		};
		DC6AB1AA273ACA48001443E4 /* Resources */ = {
			isa = PBXResourcesBuildPhase;
			buildActionMask = 2147483647;
			files = (
			);
			runOnlyForDeploymentPostprocessing = 0;
		};
		DC6AB1B4273ACA48001443E4 /* Resources */ = {
			isa = PBXResourcesBuildPhase;
			buildActionMask = 2147483647;
			files = (
			);
			runOnlyForDeploymentPostprocessing = 0;
		};
/* End PBXResourcesBuildPhase section */

/* Begin PBXShellScriptBuildPhase section */
		2F5C47C3AAD65116DC4E6681 /* [CP] Check Pods Manifest.lock */ = {
			isa = PBXShellScriptBuildPhase;
			buildActionMask = 2147483647;
			files = (
			);
			inputFileListPaths = (
			);
			inputPaths = (
				"${PODS_PODFILE_DIR_PATH}/Podfile.lock",
				"${PODS_ROOT}/Manifest.lock",
			);
			name = "[CP] Check Pods Manifest.lock";
			outputFileListPaths = (
			);
			outputPaths = (
				"$(DERIVED_FILE_DIR)/Pods-CryptoApp-checkManifestLockResult.txt",
			);
			runOnlyForDeploymentPostprocessing = 0;
			shellPath = /bin/sh;
			shellScript = "diff \"${PODS_PODFILE_DIR_PATH}/Podfile.lock\" \"${PODS_ROOT}/Manifest.lock\" > /dev/null\nif [ $? != 0 ] ; then\n    # print error to STDERR\n    echo \"error: The sandbox is not in sync with the Podfile.lock. Run 'pod install' or update your CocoaPods installation.\" >&2\n    exit 1\nfi\n# This output is used by Xcode 'outputs' to avoid re-running this script phase.\necho \"SUCCESS\" > \"${SCRIPT_OUTPUT_FILE_0}\"\n";
			showEnvVarsInLog = 0;
		};
		7BC94464A82A1D7191D7DF18 /* [CP] Embed Pods Frameworks */ = {
			isa = PBXShellScriptBuildPhase;
			buildActionMask = 2147483647;
			files = (
			);
			inputFileListPaths = (
				"${PODS_ROOT}/Target Support Files/Pods-CryptoApp/Pods-CryptoApp-frameworks-${CONFIGURATION}-input-files.xcfilelist",
			);
			name = "[CP] Embed Pods Frameworks";
			outputFileListPaths = (
				"${PODS_ROOT}/Target Support Files/Pods-CryptoApp/Pods-CryptoApp-frameworks-${CONFIGURATION}-output-files.xcfilelist",
			);
			runOnlyForDeploymentPostprocessing = 0;
			shellPath = /bin/sh;
			shellScript = "\"${PODS_ROOT}/Target Support Files/Pods-CryptoApp/Pods-CryptoApp-frameworks.sh\"\n";
			showEnvVarsInLog = 0;
		};
		93745F01932035B6E496CFC9 /* [CP] Check Pods Manifest.lock */ = {
			isa = PBXShellScriptBuildPhase;
			buildActionMask = 2147483647;
			files = (
			);
			inputFileListPaths = (
			);
			inputPaths = (
				"${PODS_PODFILE_DIR_PATH}/Podfile.lock",
				"${PODS_ROOT}/Manifest.lock",
			);
			name = "[CP] Check Pods Manifest.lock";
			outputFileListPaths = (
			);
			outputPaths = (
				"$(DERIVED_FILE_DIR)/Pods-CryptoApp-CryptoAppUITests-checkManifestLockResult.txt",
			);
			runOnlyForDeploymentPostprocessing = 0;
			shellPath = /bin/sh;
			shellScript = "diff \"${PODS_PODFILE_DIR_PATH}/Podfile.lock\" \"${PODS_ROOT}/Manifest.lock\" > /dev/null\nif [ $? != 0 ] ; then\n    # print error to STDERR\n    echo \"error: The sandbox is not in sync with the Podfile.lock. Run 'pod install' or update your CocoaPods installation.\" >&2\n    exit 1\nfi\n# This output is used by Xcode 'outputs' to avoid re-running this script phase.\necho \"SUCCESS\" > \"${SCRIPT_OUTPUT_FILE_0}\"\n";
			showEnvVarsInLog = 0;
		};
		A3A437FBBBF2271872983259 /* [CP] Embed Pods Frameworks */ = {
			isa = PBXShellScriptBuildPhase;
			buildActionMask = 2147483647;
			files = (
			);
			inputFileListPaths = (
				"${PODS_ROOT}/Target Support Files/Pods-CryptoApp-CryptoAppUITests/Pods-CryptoApp-CryptoAppUITests-frameworks-${CONFIGURATION}-input-files.xcfilelist",
			);
			name = "[CP] Embed Pods Frameworks";
			outputFileListPaths = (
				"${PODS_ROOT}/Target Support Files/Pods-CryptoApp-CryptoAppUITests/Pods-CryptoApp-CryptoAppUITests-frameworks-${CONFIGURATION}-output-files.xcfilelist",
			);
			runOnlyForDeploymentPostprocessing = 0;
			shellPath = /bin/sh;
			shellScript = "\"${PODS_ROOT}/Target Support Files/Pods-CryptoApp-CryptoAppUITests/Pods-CryptoApp-CryptoAppUITests-frameworks.sh\"\n";
			showEnvVarsInLog = 0;
		};
		E032480277AF37D3D92F6290 /* [CP] Check Pods Manifest.lock */ = {
			isa = PBXShellScriptBuildPhase;
			buildActionMask = 2147483647;
			files = (
			);
			inputFileListPaths = (
			);
			inputPaths = (
				"${PODS_PODFILE_DIR_PATH}/Podfile.lock",
				"${PODS_ROOT}/Manifest.lock",
			);
			name = "[CP] Check Pods Manifest.lock";
			outputFileListPaths = (
			);
			outputPaths = (
				"$(DERIVED_FILE_DIR)/Pods-CryptoAppTests-checkManifestLockResult.txt",
			);
			runOnlyForDeploymentPostprocessing = 0;
			shellPath = /bin/sh;
			shellScript = "diff \"${PODS_PODFILE_DIR_PATH}/Podfile.lock\" \"${PODS_ROOT}/Manifest.lock\" > /dev/null\nif [ $? != 0 ] ; then\n    # print error to STDERR\n    echo \"error: The sandbox is not in sync with the Podfile.lock. Run 'pod install' or update your CocoaPods installation.\" >&2\n    exit 1\nfi\n# This output is used by Xcode 'outputs' to avoid re-running this script phase.\necho \"SUCCESS\" > \"${SCRIPT_OUTPUT_FILE_0}\"\n";
			showEnvVarsInLog = 0;
		};
/* End PBXShellScriptBuildPhase section */

/* Begin PBXSourcesBuildPhase section */
		DC6AB198273ACA46001443E4 /* Sources */ = {
			isa = PBXSourcesBuildPhase;
			buildActionMask = 2147483647;
			files = (
				DC6AB1A2273ACA46001443E4 /* ContentView.swift in Sources */,
				DC6AB1CB273AE17E001443E4 /* CyptoListPublisher.swift in Sources */,
				DC6AB1A0273ACA46001443E4 /* CryptoAppApp.swift in Sources */,
			);
			runOnlyForDeploymentPostprocessing = 0;
		};
		DC6AB1A8273ACA48001443E4 /* Sources */ = {
			isa = PBXSourcesBuildPhase;
			buildActionMask = 2147483647;
			files = (
				DC6AB1B1273ACA48001443E4 /* CryptoAppTests.swift in Sources */,
			);
			runOnlyForDeploymentPostprocessing = 0;
		};
		DC6AB1B2273ACA48001443E4 /* Sources */ = {
			isa = PBXSourcesBuildPhase;
			buildActionMask = 2147483647;
			files = (
				DC6AB1BB273ACA48001443E4 /* CryptoAppUITests.swift in Sources */,
				DC6AB1BD273ACA48001443E4 /* CryptoAppUITestsLaunchTests.swift in Sources */,
			);
			runOnlyForDeploymentPostprocessing = 0;
		};
/* End PBXSourcesBuildPhase section */

/* Begin PBXTargetDependency section */
		DC6AB1AE273ACA48001443E4 /* PBXTargetDependency */ = {
			isa = PBXTargetDependency;
			target = DC6AB19B273ACA46001443E4 /* CryptoApp */;
			targetProxy = DC6AB1AD273ACA48001443E4 /* PBXContainerItemProxy */;
		};
		DC6AB1B8273ACA48001443E4 /* PBXTargetDependency */ = {
			isa = PBXTargetDependency;
			target = DC6AB19B273ACA46001443E4 /* CryptoApp */;
			targetProxy = DC6AB1B7273ACA48001443E4 /* PBXContainerItemProxy */;
		};
/* End PBXTargetDependency section */

/* Begin XCBuildConfiguration section */
		DC6AB1BE273ACA48001443E4 /* Debug */ = {
			isa = XCBuildConfiguration;
			buildSettings = {
				ALWAYS_SEARCH_USER_PATHS = NO;
				CLANG_ANALYZER_NONNULL = YES;
				CLANG_ANALYZER_NUMBER_OBJECT_CONVERSION = YES_AGGRESSIVE;
				CLANG_CXX_LANGUAGE_STANDARD = "gnu++17";
				CLANG_CXX_LIBRARY = "libc++";
				CLANG_ENABLE_MODULES = YES;
				CLANG_ENABLE_OBJC_ARC = YES;
				CLANG_ENABLE_OBJC_WEAK = YES;
				CLANG_WARN_BLOCK_CAPTURE_AUTORELEASING = YES;
				CLANG_WARN_BOOL_CONVERSION = YES;
				CLANG_WARN_COMMA = YES;
				CLANG_WARN_CONSTANT_CONVERSION = YES;
				CLANG_WARN_DEPRECATED_OBJC_IMPLEMENTATIONS = YES;
				CLANG_WARN_DIRECT_OBJC_ISA_USAGE = YES_ERROR;
				CLANG_WARN_DOCUMENTATION_COMMENTS = YES;
				CLANG_WARN_EMPTY_BODY = YES;
				CLANG_WARN_ENUM_CONVERSION = YES;
				CLANG_WARN_INFINITE_RECURSION = YES;
				CLANG_WARN_INT_CONVERSION = YES;
				CLANG_WARN_NON_LITERAL_NULL_CONVERSION = YES;
				CLANG_WARN_OBJC_IMPLICIT_RETAIN_SELF = YES;
				CLANG_WARN_OBJC_LITERAL_CONVERSION = YES;
				CLANG_WARN_OBJC_ROOT_CLASS = YES_ERROR;
				CLANG_WARN_QUOTED_INCLUDE_IN_FRAMEWORK_HEADER = YES;
				CLANG_WARN_RANGE_LOOP_ANALYSIS = YES;
				CLANG_WARN_STRICT_PROTOTYPES = YES;
				CLANG_WARN_SUSPICIOUS_MOVE = YES;
				CLANG_WARN_UNGUARDED_AVAILABILITY = YES_AGGRESSIVE;
				CLANG_WARN_UNREACHABLE_CODE = YES;
				CLANG_WARN__DUPLICATE_METHOD_MATCH = YES;
				COPY_PHASE_STRIP = NO;
				DEBUG_INFORMATION_FORMAT = dwarf;
				ENABLE_STRICT_OBJC_MSGSEND = YES;
				ENABLE_TESTABILITY = YES;
				GCC_C_LANGUAGE_STANDARD = gnu11;
				GCC_DYNAMIC_NO_PIC = NO;
				GCC_NO_COMMON_BLOCKS = YES;
				GCC_OPTIMIZATION_LEVEL = 0;
				GCC_PREPROCESSOR_DEFINITIONS = (
					"DEBUG=1",
					"$(inherited)",
				);
				GCC_WARN_64_TO_32_BIT_CONVERSION = YES;
				GCC_WARN_ABOUT_RETURN_TYPE = YES_ERROR;
				GCC_WARN_UNDECLARED_SELECTOR = YES;
				GCC_WARN_UNINITIALIZED_AUTOS = YES_AGGRESSIVE;
				GCC_WARN_UNUSED_FUNCTION = YES;
				GCC_WARN_UNUSED_VARIABLE = YES;
				IPHONEOS_DEPLOYMENT_TARGET = 15.0;
				MTL_ENABLE_DEBUG_INFO = INCLUDE_SOURCE;
				MTL_FAST_MATH = YES;
				ONLY_ACTIVE_ARCH = YES;
				SDKROOT = iphoneos;
				SWIFT_ACTIVE_COMPILATION_CONDITIONS = DEBUG;
				SWIFT_OPTIMIZATION_LEVEL = "-Onone";
			};
			name = Debug;
		};
		DC6AB1BF273ACA48001443E4 /* Release */ = {
			isa = XCBuildConfiguration;
			buildSettings = {
				ALWAYS_SEARCH_USER_PATHS = NO;
				CLANG_ANALYZER_NONNULL = YES;
				CLANG_ANALYZER_NUMBER_OBJECT_CONVERSION = YES_AGGRESSIVE;
				CLANG_CXX_LANGUAGE_STANDARD = "gnu++17";
				CLANG_CXX_LIBRARY = "libc++";
				CLANG_ENABLE_MODULES = YES;
				CLANG_ENABLE_OBJC_ARC = YES;
				CLANG_ENABLE_OBJC_WEAK = YES;
				CLANG_WARN_BLOCK_CAPTURE_AUTORELEASING = YES;
				CLANG_WARN_BOOL_CONVERSION = YES;
				CLANG_WARN_COMMA = YES;
				CLANG_WARN_CONSTANT_CONVERSION = YES;
				CLANG_WARN_DEPRECATED_OBJC_IMPLEMENTATIONS = YES;
				CLANG_WARN_DIRECT_OBJC_ISA_USAGE = YES_ERROR;
				CLANG_WARN_DOCUMENTATION_COMMENTS = YES;
				CLANG_WARN_EMPTY_BODY = YES;
				CLANG_WARN_ENUM_CONVERSION = YES;
				CLANG_WARN_INFINITE_RECURSION = YES;
				CLANG_WARN_INT_CONVERSION = YES;
				CLANG_WARN_NON_LITERAL_NULL_CONVERSION = YES;
				CLANG_WARN_OBJC_IMPLICIT_RETAIN_SELF = YES;
				CLANG_WARN_OBJC_LITERAL_CONVERSION = YES;
				CLANG_WARN_OBJC_ROOT_CLASS = YES_ERROR;
				CLANG_WARN_QUOTED_INCLUDE_IN_FRAMEWORK_HEADER = YES;
				CLANG_WARN_RANGE_LOOP_ANALYSIS = YES;
				CLANG_WARN_STRICT_PROTOTYPES = YES;
				CLANG_WARN_SUSPICIOUS_MOVE = YES;
				CLANG_WARN_UNGUARDED_AVAILABILITY = YES_AGGRESSIVE;
				CLANG_WARN_UNREACHABLE_CODE = YES;
				CLANG_WARN__DUPLICATE_METHOD_MATCH = YES;
				COPY_PHASE_STRIP = NO;
				DEBUG_INFORMATION_FORMAT = "dwarf-with-dsym";
				ENABLE_NS_ASSERTIONS = NO;
				ENABLE_STRICT_OBJC_MSGSEND = YES;
				GCC_C_LANGUAGE_STANDARD = gnu11;
				GCC_NO_COMMON_BLOCKS = YES;
				GCC_WARN_64_TO_32_BIT_CONVERSION = YES;
				GCC_WARN_ABOUT_RETURN_TYPE = YES_ERROR;
				GCC_WARN_UNDECLARED_SELECTOR = YES;
				GCC_WARN_UNINITIALIZED_AUTOS = YES_AGGRESSIVE;
				GCC_WARN_UNUSED_FUNCTION = YES;
				GCC_WARN_UNUSED_VARIABLE = YES;
				IPHONEOS_DEPLOYMENT_TARGET = 15.0;
				MTL_ENABLE_DEBUG_INFO = NO;
				MTL_FAST_MATH = YES;
				SDKROOT = iphoneos;
				SWIFT_COMPILATION_MODE = wholemodule;
				SWIFT_OPTIMIZATION_LEVEL = "-O";
				VALIDATE_PRODUCT = YES;
			};
			name = Release;
		};
		DC6AB1C1273ACA48001443E4 /* Debug */ = {
			isa = XCBuildConfiguration;
			baseConfigurationReference = AE025C63EFB328F40E0C1A97 /* Pods-CryptoApp.debug.xcconfig */;
			buildSettings = {
				ASSETCATALOG_COMPILER_APPICON_NAME = AppIcon;
				ASSETCATALOG_COMPILER_GLOBAL_ACCENT_COLOR_NAME = AccentColor;
				CODE_SIGN_STYLE = Automatic;
				CURRENT_PROJECT_VERSION = 1;
				DEVELOPMENT_ASSET_PATHS = "\"CryptoApp/Preview Content\"";
				ENABLE_PREVIEWS = YES;
				GENERATE_INFOPLIST_FILE = YES;
				INFOPLIST_KEY_UIApplicationSceneManifest_Generation = YES;
				INFOPLIST_KEY_UIApplicationSupportsIndirectInputEvents = YES;
				INFOPLIST_KEY_UILaunchScreen_Generation = YES;
				INFOPLIST_KEY_UISupportedInterfaceOrientations_iPad = "UIInterfaceOrientationPortrait UIInterfaceOrientationPortraitUpsideDown UIInterfaceOrientationLandscapeLeft UIInterfaceOrientationLandscapeRight";
				INFOPLIST_KEY_UISupportedInterfaceOrientations_iPhone = "UIInterfaceOrientationPortrait UIInterfaceOrientationLandscapeLeft UIInterfaceOrientationLandscapeRight";
				IPHONEOS_DEPLOYMENT_TARGET = 14.1;
				LD_RUNPATH_SEARCH_PATHS = (
					"$(inherited)",
					"@executable_path/Frameworks",
				);
				MARKETING_VERSION = 1.0;
				PRODUCT_BUNDLE_IDENTIFIER = OHoussein.CryptoApp;
				PRODUCT_NAME = "$(TARGET_NAME)";
				SWIFT_EMIT_LOC_STRINGS = YES;
				SWIFT_VERSION = 5.0;
				TARGETED_DEVICE_FAMILY = "1,2";
			};
			name = Debug;
		};
		DC6AB1C2273ACA48001443E4 /* Release */ = {
			isa = XCBuildConfiguration;
			baseConfigurationReference = 62DE44847FE253462A502796 /* Pods-CryptoApp.release.xcconfig */;
			buildSettings = {
				ASSETCATALOG_COMPILER_APPICON_NAME = AppIcon;
				ASSETCATALOG_COMPILER_GLOBAL_ACCENT_COLOR_NAME = AccentColor;
				CODE_SIGN_STYLE = Automatic;
				CURRENT_PROJECT_VERSION = 1;
				DEVELOPMENT_ASSET_PATHS = "\"CryptoApp/Preview Content\"";
				ENABLE_PREVIEWS = YES;
				GENERATE_INFOPLIST_FILE = YES;
				INFOPLIST_KEY_UIApplicationSceneManifest_Generation = YES;
				INFOPLIST_KEY_UIApplicationSupportsIndirectInputEvents = YES;
				INFOPLIST_KEY_UILaunchScreen_Generation = YES;
				INFOPLIST_KEY_UISupportedInterfaceOrientations_iPad = "UIInterfaceOrientationPortrait UIInterfaceOrientationPortraitUpsideDown UIInterfaceOrientationLandscapeLeft UIInterfaceOrientationLandscapeRight";
				INFOPLIST_KEY_UISupportedInterfaceOrientations_iPhone = "UIInterfaceOrientationPortrait UIInterfaceOrientationLandscapeLeft UIInterfaceOrientationLandscapeRight";
				IPHONEOS_DEPLOYMENT_TARGET = 14.1;
				LD_RUNPATH_SEARCH_PATHS = (
					"$(inherited)",
					"@executable_path/Frameworks",
				);
				MARKETING_VERSION = 1.0;
				PRODUCT_BUNDLE_IDENTIFIER = OHoussein.CryptoApp;
				PRODUCT_NAME = "$(TARGET_NAME)";
				SWIFT_EMIT_LOC_STRINGS = YES;
				SWIFT_VERSION = 5.0;
				TARGETED_DEVICE_FAMILY = "1,2";
			};
			name = Release;
		};
		DC6AB1C4273ACA48001443E4 /* Debug */ = {
			isa = XCBuildConfiguration;
			baseConfigurationReference = 2CFF6B2350E27CCB6FA69D46 /* Pods-CryptoAppTests.debug.xcconfig */;
			buildSettings = {
				ALWAYS_EMBED_SWIFT_STANDARD_LIBRARIES = YES;
				BUNDLE_LOADER = "$(TEST_HOST)";
				CODE_SIGN_STYLE = Automatic;
				CURRENT_PROJECT_VERSION = 1;
				GENERATE_INFOPLIST_FILE = YES;
				IPHONEOS_DEPLOYMENT_TARGET = 14.0;
				LD_RUNPATH_SEARCH_PATHS = (
					"$(inherited)",
					"@executable_path/Frameworks",
					"@loader_path/Frameworks",
				);
				MARKETING_VERSION = 1.0;
				PRODUCT_BUNDLE_IDENTIFIER = OHoussein.CryptoAppTests;
				PRODUCT_NAME = "$(TARGET_NAME)";
				SWIFT_EMIT_LOC_STRINGS = NO;
				SWIFT_VERSION = 5.0;
				TARGETED_DEVICE_FAMILY = "1,2";
				TEST_HOST = "$(BUILT_PRODUCTS_DIR)/CryptoApp.app/CryptoApp";
			};
			name = Debug;
		};
		DC6AB1C5273ACA48001443E4 /* Release */ = {
			isa = XCBuildConfiguration;
			baseConfigurationReference = 3E638D87F5BCD314C25A8494 /* Pods-CryptoAppTests.release.xcconfig */;
			buildSettings = {
				ALWAYS_EMBED_SWIFT_STANDARD_LIBRARIES = YES;
				BUNDLE_LOADER = "$(TEST_HOST)";
				CODE_SIGN_STYLE = Automatic;
				CURRENT_PROJECT_VERSION = 1;
				GENERATE_INFOPLIST_FILE = YES;
				IPHONEOS_DEPLOYMENT_TARGET = 14.0;
				LD_RUNPATH_SEARCH_PATHS = (
					"$(inherited)",
					"@executable_path/Frameworks",
					"@loader_path/Frameworks",
				);
				MARKETING_VERSION = 1.0;
				PRODUCT_BUNDLE_IDENTIFIER = OHoussein.CryptoAppTests;
				PRODUCT_NAME = "$(TARGET_NAME)";
				SWIFT_EMIT_LOC_STRINGS = NO;
				SWIFT_VERSION = 5.0;
				TARGETED_DEVICE_FAMILY = "1,2";
				TEST_HOST = "$(BUILT_PRODUCTS_DIR)/CryptoApp.app/CryptoApp";
			};
			name = Release;
		};
		DC6AB1C7273ACA48001443E4 /* Debug */ = {
			isa = XCBuildConfiguration;
			baseConfigurationReference = EC9EEF02D42124262800F837 /* Pods-CryptoApp-CryptoAppUITests.debug.xcconfig */;
			buildSettings = {
				ALWAYS_EMBED_SWIFT_STANDARD_LIBRARIES = YES;
				CODE_SIGN_STYLE = Automatic;
				CURRENT_PROJECT_VERSION = 1;
				GENERATE_INFOPLIST_FILE = YES;
				LD_RUNPATH_SEARCH_PATHS = (
					"$(inherited)",
					"@executable_path/Frameworks",
					"@loader_path/Frameworks",
				);
				MARKETING_VERSION = 1.0;
				PRODUCT_BUNDLE_IDENTIFIER = OHoussein.CryptoAppUITests;
				PRODUCT_NAME = "$(TARGET_NAME)";
				SWIFT_EMIT_LOC_STRINGS = NO;
				SWIFT_VERSION = 5.0;
				TARGETED_DEVICE_FAMILY = "1,2";
				TEST_TARGET_NAME = CryptoApp;
			};
			name = Debug;
		};
		DC6AB1C8273ACA48001443E4 /* Release */ = {
			isa = XCBuildConfiguration;
			baseConfigurationReference = 687BC265AB64D8F6496FFBD9 /* Pods-CryptoApp-CryptoAppUITests.release.xcconfig */;
			buildSettings = {
				ALWAYS_EMBED_SWIFT_STANDARD_LIBRARIES = YES;
				CODE_SIGN_STYLE = Automatic;
				CURRENT_PROJECT_VERSION = 1;
				GENERATE_INFOPLIST_FILE = YES;
				LD_RUNPATH_SEARCH_PATHS = (
					"$(inherited)",
					"@executable_path/Frameworks",
					"@loader_path/Frameworks",
				);
				MARKETING_VERSION = 1.0;
				PRODUCT_BUNDLE_IDENTIFIER = OHoussein.CryptoAppUITests;
				PRODUCT_NAME = "$(TARGET_NAME)";
				SWIFT_EMIT_LOC_STRINGS = NO;
				SWIFT_VERSION = 5.0;
				TARGETED_DEVICE_FAMILY = "1,2";
				TEST_TARGET_NAME = CryptoApp;
			};
			name = Release;
		};
/* End XCBuildConfiguration section */

/* Begin XCConfigurationList section */
		DC6AB197273ACA46001443E4 /* Build configuration list for PBXProject "CryptoApp" */ = {
			isa = XCConfigurationList;
			buildConfigurations = (
				DC6AB1BE273ACA48001443E4 /* Debug */,
				DC6AB1BF273ACA48001443E4 /* Release */,
			);
			defaultConfigurationIsVisible = 0;
			defaultConfigurationName = Release;
		};
		DC6AB1C0273ACA48001443E4 /* Build configuration list for PBXNativeTarget "CryptoApp" */ = {
			isa = XCConfigurationList;
			buildConfigurations = (
				DC6AB1C1273ACA48001443E4 /* Debug */,
				DC6AB1C2273ACA48001443E4 /* Release */,
			);
			defaultConfigurationIsVisible = 0;
			defaultConfigurationName = Release;
		};
		DC6AB1C3273ACA48001443E4 /* Build configuration list for PBXNativeTarget "CryptoAppTests" */ = {
			isa = XCConfigurationList;
			buildConfigurations = (
				DC6AB1C4273ACA48001443E4 /* Debug */,
				DC6AB1C5273ACA48001443E4 /* Release */,
			);
			defaultConfigurationIsVisible = 0;
			defaultConfigurationName = Release;
		};
		DC6AB1C6273ACA48001443E4 /* Build configuration list for PBXNativeTarget "CryptoAppUITests" */ = {
			isa = XCConfigurationList;
			buildConfigurations = (
				DC6AB1C7273ACA48001443E4 /* Debug */,
				DC6AB1C8273ACA48001443E4 /* Release */,
			);
			defaultConfigurationIsVisible = 0;
			defaultConfigurationName = Release;
		};
/* End XCConfigurationList section */
	};
	rootObject = DC6AB194273ACA46001443E4 /* Project object */;
}
